{
  "name": "andrewsapp",
  "version": "0.1.0",
  "lockfileVersion": 1,
  "requires": true,
  "dependencies": {
    "vue-chat-engine": {
      "version": "0.0.5",
      "resolved": "https://registry.npmjs.org/vue-chat-engine/-/vue-chat-engine-0.0.5.tgz",
      "integrity": "sha512-Cu3GlaoYj4oY85D8Q6Uyyr25ewbsLb9Im1OhoKI+5QMzosyMu9nFe1z/847J5pDwS8uzvIAba/Fkeecm1oUhww=="
    }
  }
}
